
Microsoft Visual Studio Solution File, Format Version 12.00
# Visual Studio Version 16
VisualStudioVersion = 16.0.30804.86
MinimumVisualStudioVersion = 10.0.40219.1
Project("{9A19103F-16F7-4668-BE54-9A1E7A4F7556}") = "Boing", "Boing\Boing.csproj", "{15286F2A-97B6-4E4F-AE65-DCF3C22CFC92}"
EndProject
Global
	GlobalSection(SolutionConfigurationPlatforms) = preSolution
		Debug|Any CPU = Debug|Any CPU
		Release|Any CPU = Release|Any CPU
	EndGlobalSection
	GlobalSection(ProjectConfigurationPlatforms) = postSolution
		{15286F2A-97B6-4E4F-AE65-DCF3C22CFC92}.Debug|Any CPU.ActiveCfg = Debug|Any CPU
		{15286F2A-97B6-4E4F-AE65-DCF3C22CFC92}.Debug|Any CPU.Build.0 = Debug|Any CPU
		{15286F2A-97B6-4E4F-AE65-DCF3C22CFC92}.Release|Any CPU.ActiveCfg = Release|Any CPU
		{15286F2A-97B6-4E4F-AE65-DCF3C22CFC92}.Release|Any CPU.Build.0 = Release|Any CPU
	EndGlobalSection
	GlobalSection(SolutionProperties) = preSolution
		HideSolutionNode = FALSE
	EndGlobalSection
	GlobalSection(ExtensibilityGlobals) = postSolution
		SolutionGuid = {3E8A081F-23CF-478D-9ED6-146C1D9931AD}
	EndGlobalSection
EndGlobal
